
Microsoft Visual Studio Solution File, Format Version 12.00
# Visual Studio Version 16
VisualStudioVersion = 16.0.31624.102
MinimumVisualStudioVersion = 10.0.40219.1
Project("{9A19103F-16F7-4668-BE54-9A1E7A4F7556}") = "Party_Planner", "Party_Planner\Party_Planner.csproj", "{EF97C69E-2DE7-4E67-B171-2723CE8C5E59}"
EndProject
Project("{9A19103F-16F7-4668-BE54-9A1E7A4F7556}") = "Farmer_EX", "Farmer_EX\Farmer_EX.csproj", "{6A39B492-E256-45FF-B980-E309BA61775C}"
EndProject
Project("{9A19103F-16F7-4668-BE54-9A1E7A4F7556}") = "Beehive_Management_System", "Beehive_Management_System\Beehive_Management_System.csproj", "{AC18FB3F-CB92-4E52-9785-70D21E4D07C3}"
EndProject
Project("{9A19103F-16F7-4668-BE54-9A1E7A4F7556}") = "Interface_EX", "Interface_EX\Interface_EX.csproj", "{269EA3A2-DAAC-49E3-9F7B-D1494BBAB3D5}"
EndProject
Project("{9A19103F-16F7-4668-BE54-9A1E7A4F7556}") = "Hide_Seek_EX", "Hide_Seek_EX\Hide_Seek_EX.csproj", "{1B2740B0-192E-4D87-A40B-963B1AED2BCC}"
EndProject
Project("{9A19103F-16F7-4668-BE54-9A1E7A4F7556}") = "enum_card_EX", "enum_card_EX\enum_card_EX.csproj", "{A2C8E371-8A99-4678-8303-8F9C31631721}"
EndProject
Project("{9A19103F-16F7-4668-BE54-9A1E7A4F7556}") = "Lotto_EX", "Lotto_EX\Lotto_EX.csproj", "{FF30FE5A-9C71-4655-9336-8BB7BF63F8F8}"
EndProject
Project("{9A19103F-16F7-4668-BE54-9A1E7A4F7556}") = "CreateFiveCardsThenSortThem", "CreateFiveCardsThenSortThem\CreateFiveCardsThenSortThem.csproj", "{C0D21721-E0F8-4D85-A988-72E0E9F3BE6C}"
EndProject
Project("{9A19103F-16F7-4668-BE54-9A1E7A4F7556}") = "UpcastAnEntireList", "UpcastAnEntireList\UpcastAnEntireList.csproj", "{5870955C-55CD-4941-A549-C30A254F4D99}"
EndProject
Project("{FAE04EC0-301F-11D3-BF4B-00C04F79EFBC}") = "StreamWriter_EX", "StreamWriter_EX\StreamWriter_EX.csproj", "{820404AC-E8CC-477F-821C-876BB541FB31}"
EndProject
Project("{FAE04EC0-301F-11D3-BF4B-00C04F79EFBC}") = "File_EX", "File_EX\File_EX.csproj", "{6EFEF5FE-0B61-4026-83E2-92D580573676}"
EndProject
Project("{FAE04EC0-301F-11D3-BF4B-00C04F79EFBC}") = "Excuse_Manager", "Excuse_Manager\Excuse_Manager.csproj", "{01C23AD5-E0E6-49EE-BD03-2A2DE25D1AB3}"
EndProject
Project("{FAE04EC0-301F-11D3-BF4B-00C04F79EFBC}") = "SerializeCardsManually", "SerializeCardsManually\SerializeCardsManually.csproj", "{C83D641C-E601-4F61-9210-A1064550951E}"
EndProject
Global
	GlobalSection(SolutionConfigurationPlatforms) = preSolution
		Debug|Any CPU = Debug|Any CPU
		Release|Any CPU = Release|Any CPU
	EndGlobalSection
	GlobalSection(ProjectConfigurationPlatforms) = postSolution
		{EF97C69E-2DE7-4E67-B171-2723CE8C5E59}.Debug|Any CPU.ActiveCfg = Debug|Any CPU
		{EF97C69E-2DE7-4E67-B171-2723CE8C5E59}.Debug|Any CPU.Build.0 = Debug|Any CPU
		{EF97C69E-2DE7-4E67-B171-2723CE8C5E59}.Release|Any CPU.ActiveCfg = Release|Any CPU
		{EF97C69E-2DE7-4E67-B171-2723CE8C5E59}.Release|Any CPU.Build.0 = Release|Any CPU
		{6A39B492-E256-45FF-B980-E309BA61775C}.Debug|Any CPU.ActiveCfg = Debug|Any CPU
		{6A39B492-E256-45FF-B980-E309BA61775C}.Debug|Any CPU.Build.0 = Debug|Any CPU
		{6A39B492-E256-45FF-B980-E309BA61775C}.Release|Any CPU.ActiveCfg = Release|Any CPU
		{6A39B492-E256-45FF-B980-E309BA61775C}.Release|Any CPU.Build.0 = Release|Any CPU
		{AC18FB3F-CB92-4E52-9785-70D21E4D07C3}.Debug|Any CPU.ActiveCfg = Debug|Any CPU
		{AC18FB3F-CB92-4E52-9785-70D21E4D07C3}.Debug|Any CPU.Build.0 = Debug|Any CPU
		{AC18FB3F-CB92-4E52-9785-70D21E4D07C3}.Release|Any CPU.ActiveCfg = Release|Any CPU
		{AC18FB3F-CB92-4E52-9785-70D21E4D07C3}.Release|Any CPU.Build.0 = Release|Any CPU
		{269EA3A2-DAAC-49E3-9F7B-D1494BBAB3D5}.Debug|Any CPU.ActiveCfg = Debug|Any CPU
		{269EA3A2-DAAC-49E3-9F7B-D1494BBAB3D5}.Debug|Any CPU.Build.0 = Debug|Any CPU
		{269EA3A2-DAAC-49E3-9F7B-D1494BBAB3D5}.Release|Any CPU.ActiveCfg = Release|Any CPU
		{269EA3A2-DAAC-49E3-9F7B-D1494BBAB3D5}.Release|Any CPU.Build.0 = Release|Any CPU
		{1B2740B0-192E-4D87-A40B-963B1AED2BCC}.Debug|Any CPU.ActiveCfg = Debug|Any CPU
		{1B2740B0-192E-4D87-A40B-963B1AED2BCC}.Debug|Any CPU.Build.0 = Debug|Any CPU
		{1B2740B0-192E-4D87-A40B-963B1AED2BCC}.Release|Any CPU.ActiveCfg = Release|Any CPU
		{1B2740B0-192E-4D87-A40B-963B1AED2BCC}.Release|Any CPU.Build.0 = Release|Any CPU
		{A2C8E371-8A99-4678-8303-8F9C31631721}.Debug|Any CPU.ActiveCfg = Debug|Any CPU
		{A2C8E371-8A99-4678-8303-8F9C31631721}.Debug|Any CPU.Build.0 = Debug|Any CPU
		{A2C8E371-8A99-4678-8303-8F9C31631721}.Release|Any CPU.ActiveCfg = Release|Any CPU
		{A2C8E371-8A99-4678-8303-8F9C31631721}.Release|Any CPU.Build.0 = Release|Any CPU
		{FF30FE5A-9C71-4655-9336-8BB7BF63F8F8}.Debug|Any CPU.ActiveCfg = Debug|Any CPU
		{FF30FE5A-9C71-4655-9336-8BB7BF63F8F8}.Debug|Any CPU.Build.0 = Debug|Any CPU
		{FF30FE5A-9C71-4655-9336-8BB7BF63F8F8}.Release|Any CPU.ActiveCfg = Release|Any CPU
		{FF30FE5A-9C71-4655-9336-8BB7BF63F8F8}.Release|Any CPU.Build.0 = Release|Any CPU
		{C0D21721-E0F8-4D85-A988-72E0E9F3BE6C}.Debug|Any CPU.ActiveCfg = Debug|Any CPU
		{C0D21721-E0F8-4D85-A988-72E0E9F3BE6C}.Debug|Any CPU.Build.0 = Debug|Any CPU
		{C0D21721-E0F8-4D85-A988-72E0E9F3BE6C}.Release|Any CPU.ActiveCfg = Release|Any CPU
		{C0D21721-E0F8-4D85-A988-72E0E9F3BE6C}.Release|Any CPU.Build.0 = Release|Any CPU
		{5870955C-55CD-4941-A549-C30A254F4D99}.Debug|Any CPU.ActiveCfg = Debug|Any CPU
		{5870955C-55CD-4941-A549-C30A254F4D99}.Debug|Any CPU.Build.0 = Debug|Any CPU
		{5870955C-55CD-4941-A549-C30A254F4D99}.Release|Any CPU.ActiveCfg = Release|Any CPU
		{5870955C-55CD-4941-A549-C30A254F4D99}.Release|Any CPU.Build.0 = Release|Any CPU
		{820404AC-E8CC-477F-821C-876BB541FB31}.Debug|Any CPU.ActiveCfg = Debug|Any CPU
		{820404AC-E8CC-477F-821C-876BB541FB31}.Debug|Any CPU.Build.0 = Debug|Any CPU
		{820404AC-E8CC-477F-821C-876BB541FB31}.Release|Any CPU.ActiveCfg = Release|Any CPU
		{820404AC-E8CC-477F-821C-876BB541FB31}.Release|Any CPU.Build.0 = Release|Any CPU
		{6EFEF5FE-0B61-4026-83E2-92D580573676}.Debug|Any CPU.ActiveCfg = Debug|Any CPU
		{6EFEF5FE-0B61-4026-83E2-92D580573676}.Debug|Any CPU.Build.0 = Debug|Any CPU
		{6EFEF5FE-0B61-4026-83E2-92D580573676}.Release|Any CPU.ActiveCfg = Release|Any CPU
		{6EFEF5FE-0B61-4026-83E2-92D580573676}.Release|Any CPU.Build.0 = Release|Any CPU
		{01C23AD5-E0E6-49EE-BD03-2A2DE25D1AB3}.Debug|Any CPU.ActiveCfg = Debug|Any CPU
		{01C23AD5-E0E6-49EE-BD03-2A2DE25D1AB3}.Debug|Any CPU.Build.0 = Debug|Any CPU
		{01C23AD5-E0E6-49EE-BD03-2A2DE25D1AB3}.Release|Any CPU.ActiveCfg = Release|Any CPU
		{01C23AD5-E0E6-49EE-BD03-2A2DE25D1AB3}.Release|Any CPU.Build.0 = Release|Any CPU
		{C83D641C-E601-4F61-9210-A1064550951E}.Debug|Any CPU.ActiveCfg = Debug|Any CPU
		{C83D641C-E601-4F61-9210-A1064550951E}.Debug|Any CPU.Build.0 = Debug|Any CPU
		{C83D641C-E601-4F61-9210-A1064550951E}.Release|Any CPU.ActiveCfg = Release|Any CPU
		{C83D641C-E601-4F61-9210-A1064550951E}.Release|Any CPU.Build.0 = Release|Any CPU
	EndGlobalSection
	GlobalSection(SolutionProperties) = preSolution
		HideSolutionNode = FALSE
	EndGlobalSection
	GlobalSection(ExtensibilityGlobals) = postSolution
		SolutionGuid = {D89B942C-992F-4019-AA3C-868DCA60C637}
	EndGlobalSection
EndGlobal
