
Microsoft Visual Studio Solution File, Format Version 12.00
# Visual Studio Version 16
VisualStudioVersion = 16.0.31624.102
MinimumVisualStudioVersion = 10.0.40219.1
Project("{FAE04EC0-301F-11D3-BF4B-00C04F79EFBC}") = "Party_Planner", "Party_Planner\Party_Planner.csproj", "{EF97C69E-2DE7-4E67-B171-2723CE8C5E59}"
EndProject
Project("{FAE04EC0-301F-11D3-BF4B-00C04F79EFBC}") = "Farmer_EX", "Farmer_EX\Farmer_EX.csproj", "{6A39B492-E256-45FF-B980-E309BA61775C}"
EndProject
Global
	GlobalSection(SolutionConfigurationPlatforms) = preSolution
		Debug|Any CPU = Debug|Any CPU
		Release|Any CPU = Release|Any CPU
	EndGlobalSection
	GlobalSection(ProjectConfigurationPlatforms) = postSolution
		{EF97C69E-2DE7-4E67-B171-2723CE8C5E59}.Debug|Any CPU.ActiveCfg = Debug|Any CPU
		{EF97C69E-2DE7-4E67-B171-2723CE8C5E59}.Debug|Any CPU.Build.0 = Debug|Any CPU
		{EF97C69E-2DE7-4E67-B171-2723CE8C5E59}.Release|Any CPU.ActiveCfg = Release|Any CPU
		{EF97C69E-2DE7-4E67-B171-2723CE8C5E59}.Release|Any CPU.Build.0 = Release|Any CPU
		{6A39B492-E256-45FF-B980-E309BA61775C}.Debug|Any CPU.ActiveCfg = Debug|Any CPU
		{6A39B492-E256-45FF-B980-E309BA61775C}.Debug|Any CPU.Build.0 = Debug|Any CPU
		{6A39B492-E256-45FF-B980-E309BA61775C}.Release|Any CPU.ActiveCfg = Release|Any CPU
		{6A39B492-E256-45FF-B980-E309BA61775C}.Release|Any CPU.Build.0 = Release|Any CPU
	EndGlobalSection
	GlobalSection(SolutionProperties) = preSolution
		HideSolutionNode = FALSE
	EndGlobalSection
	GlobalSection(ExtensibilityGlobals) = postSolution
		SolutionGuid = {D89B942C-992F-4019-AA3C-868DCA60C637}
	EndGlobalSection
EndGlobal
